
Microsoft Visual Studio Solution File, Format Version 12.00
# Visual Studio Version 17
VisualStudioVersion = 17.2.32526.322
MinimumVisualStudioVersion = 10.0.40219.1
Project("{FAE04EC0-301F-11D3-BF4B-00C04F79EFBC}") = "Supplier.DataModel", "Supplier.DataModel\Supplier.DataModel.csproj", "{DB21FD26-B0B5-403B-9A9B-B26AD8EEC7BC}"
EndProject
Global
	GlobalSection(SolutionConfigurationPlatforms) = preSolution
		Debug|Any CPU = Debug|Any CPU
		Release|Any CPU = Release|Any CPU
	EndGlobalSection
	GlobalSection(ProjectConfigurationPlatforms) = postSolution
		{DB21FD26-B0B5-403B-9A9B-B26AD8EEC7BC}.Debug|Any CPU.ActiveCfg = Debug|Any CPU
		{DB21FD26-B0B5-403B-9A9B-B26AD8EEC7BC}.Debug|Any CPU.Build.0 = Debug|Any CPU
		{DB21FD26-B0B5-403B-9A9B-B26AD8EEC7BC}.Release|Any CPU.ActiveCfg = Release|Any CPU
		{DB21FD26-B0B5-403B-9A9B-B26AD8EEC7BC}.Release|Any CPU.Build.0 = Release|Any CPU
	EndGlobalSection
	GlobalSection(SolutionProperties) = preSolution
		HideSolutionNode = FALSE
	EndGlobalSection
	GlobalSection(ExtensibilityGlobals) = postSolution
		SolutionGuid = {C01AA00F-B0D2-4D97-B756-2C188CF9FFAA}
	EndGlobalSection
EndGlobal
